<?xml version="1.0" encoding="utf-8"?>
<Project ToolsVersion="4.0" xmlns="http://schemas.microsoft.com/developer/msbuild/2003">
  <ItemGroup>
    <Filter Include="Source Files">
      <UniqueIdentifier>{4FC737F1-C7A5-4376-A066-2A32D752A2FF}</UniqueIdentifier>
      <Extensions>cpp;c;cc;cxx;def;odl;idl;hpj;bat;asm;asmx</Extensions>
    </Filter>
    <Filter Include="Header Files">
      <UniqueIdentifier>{93995380-89BD-4b04-88EB-625FBE52EBFB}</UniqueIdentifier>
      <Extensions>h;hpp;hxx;hm;inl;inc;xsd</Extensions>
    </Filter>
    <Filter Include="Resource Files">
      <UniqueIdentifier>{67DA6AB6-F800-4c08-8B7A-83BB121AAD01}</UniqueIdentifier>
      <Extensions>rc;ico;cur;bmp;dlg;rc2;rct;bin;rgs;gif;jpg;jpeg;jpe;resx;tiff;tif;png;wav;mfcribbon-ms</Extensions>
    </Filter>
    <Filter Include="Driver Files">
      <UniqueIdentifier>{8E41214B-6785-4CFE-B992-037D68949A14}</UniqueIdentifier>
      <Extensions>inf;inv;inx;mof;mc;</Extensions>
    </Filter>
    <Filter Include="crt">
      <UniqueIdentifier>{b75d042f-7ebf-411c-8a52-1e90d0472c87}</UniqueIdentifier>
    </Filter>
  </ItemGroup>
  <ItemGroup>
    <ClCompile Include="Driver.cpp">
      <Filter>Source Files</Filter>
    </ClCompile>
    <ClCompile Include="CRT\c_alloc.cc">
      <Filter>crt</Filter>
    </ClCompile>
    <ClCompile Include="CRT\corecrt.cc">
      <Filter>crt</Filter>
    </ClCompile>
    <ClCompile Include="CRT\new.cc">
      <Filter>crt</Filter>
    </ClCompile>
    <ClCompile Include="CRT\stlcrt.cc">
      <Filter>crt</Filter>
    </ClCompile>
    <ClCompile Include="util.cpp">
      <Filter>Source Files</Filter>
    </ClCompile>
    <ClCompile Include="ObCall.cpp">
      <Filter>Source Files</Filter>
    </ClCompile>
  </ItemGroup>
  <ItemGroup>
    <ClInclude Include="Driver.h">
      <Filter>Header Files</Filter>
    </ClInclude>
    <ClInclude Include="CRT\c_alloc.h">
      <Filter>crt</Filter>
    </ClInclude>
    <ClInclude Include="CRT\corecrt.h">
      <Filter>crt</Filter>
    </ClInclude>
    <ClInclude Include="CRT\macro.h">
      <Filter>crt</Filter>
    </ClInclude>
    <ClInclude Include="CRT\new.h">
      <Filter>crt</Filter>
    </ClInclude>
    <ClInclude Include="CRT\stlcrt.h">
      <Filter>crt</Filter>
    </ClInclude>
    <ClInclude Include="util.h">
      <Filter>Header Files</Filter>
    </ClInclude>
    <ClInclude Include="ObCall.h">
      <Filter>Header Files</Filter>
    </ClInclude>
  </ItemGroup>
</Project>